
Microsoft Visual Studio Solution File, Format Version 12.00
# Visual Studio 15
VisualStudioVersion = 15.0.26124.0
MinimumVisualStudioVersion = 15.0.26124.0
Project("{9A19103F-16F7-4668-BE54-9A1E7A4F7556}") = "R5T.Gepidia.Base.Construction", "R5T.Gepidia.Base.Construction\R5T.Gepidia.Base.Construction.csproj", "{316E604E-C909-4C98-9BA7-D242531C44B2}"
EndProject
Project("{9A19103F-16F7-4668-BE54-9A1E7A4F7556}") = "R5T.Gepidia.Base", "R5T.Gepidia.Base\R5T.Gepidia.Base.csproj", "{DF9F1E8B-40D6-4BA8-B0F8-76054CC96D40}"
EndProject
Project("{2150E333-8FDC-42A3-9474-1A3956D46DE8}") = "_Dependencies", "_Dependencies", "{3CE1E438-167C-42E0-9F70-A4F92F5D5BBA}"
EndProject
Project("{9A19103F-16F7-4668-BE54-9A1E7A4F7556}") = "R5T.Gepidia.Types", "..\..\R5T.Gepidia.Types\source\R5T.Gepidia.Types\R5T.Gepidia.Types.csproj", "{D6219A74-F3D7-4902-AB9A-0459AAEA6F6B}"
EndProject
Global
	GlobalSection(SolutionConfigurationPlatforms) = preSolution
		Debug|Any CPU = Debug|Any CPU
		Debug|x64 = Debug|x64
		Debug|x86 = Debug|x86
		Release|Any CPU = Release|Any CPU
		Release|x64 = Release|x64
		Release|x86 = Release|x86
	EndGlobalSection
	GlobalSection(ProjectConfigurationPlatforms) = postSolution
		{316E604E-C909-4C98-9BA7-D242531C44B2}.Debug|Any CPU.ActiveCfg = Debug|Any CPU
		{316E604E-C909-4C98-9BA7-D242531C44B2}.Debug|Any CPU.Build.0 = Debug|Any CPU
		{316E604E-C909-4C98-9BA7-D242531C44B2}.Debug|x64.ActiveCfg = Debug|Any CPU
		{316E604E-C909-4C98-9BA7-D242531C44B2}.Debug|x64.Build.0 = Debug|Any CPU
		{316E604E-C909-4C98-9BA7-D242531C44B2}.Debug|x86.ActiveCfg = Debug|Any CPU
		{316E604E-C909-4C98-9BA7-D242531C44B2}.Debug|x86.Build.0 = Debug|Any CPU
		{316E604E-C909-4C98-9BA7-D242531C44B2}.Release|Any CPU.ActiveCfg = Release|Any CPU
		{316E604E-C909-4C98-9BA7-D242531C44B2}.Release|Any CPU.Build.0 = Release|Any CPU
		{316E604E-C909-4C98-9BA7-D242531C44B2}.Release|x64.ActiveCfg = Release|Any CPU
		{316E604E-C909-4C98-9BA7-D242531C44B2}.Release|x64.Build.0 = Release|Any CPU
		{316E604E-C909-4C98-9BA7-D242531C44B2}.Release|x86.ActiveCfg = Release|Any CPU
		{316E604E-C909-4C98-9BA7-D242531C44B2}.Release|x86.Build.0 = Release|Any CPU
		{DF9F1E8B-40D6-4BA8-B0F8-76054CC96D40}.Debug|Any CPU.ActiveCfg = Debug|Any CPU
		{DF9F1E8B-40D6-4BA8-B0F8-76054CC96D40}.Debug|Any CPU.Build.0 = Debug|Any CPU
		{DF9F1E8B-40D6-4BA8-B0F8-76054CC96D40}.Debug|x64.ActiveCfg = Debug|Any CPU
		{DF9F1E8B-40D6-4BA8-B0F8-76054CC96D40}.Debug|x64.Build.0 = Debug|Any CPU
		{DF9F1E8B-40D6-4BA8-B0F8-76054CC96D40}.Debug|x86.ActiveCfg = Debug|Any CPU
		{DF9F1E8B-40D6-4BA8-B0F8-76054CC96D40}.Debug|x86.Build.0 = Debug|Any CPU
		{DF9F1E8B-40D6-4BA8-B0F8-76054CC96D40}.Release|Any CPU.ActiveCfg = Release|Any CPU
		{DF9F1E8B-40D6-4BA8-B0F8-76054CC96D40}.Release|Any CPU.Build.0 = Release|Any CPU
		{DF9F1E8B-40D6-4BA8-B0F8-76054CC96D40}.Release|x64.ActiveCfg = Release|Any CPU
		{DF9F1E8B-40D6-4BA8-B0F8-76054CC96D40}.Release|x64.Build.0 = Release|Any CPU
		{DF9F1E8B-40D6-4BA8-B0F8-76054CC96D40}.Release|x86.ActiveCfg = Release|Any CPU
		{DF9F1E8B-40D6-4BA8-B0F8-76054CC96D40}.Release|x86.Build.0 = Release|Any CPU
		{D6219A74-F3D7-4902-AB9A-0459AAEA6F6B}.Debug|Any CPU.ActiveCfg = Debug|Any CPU
		{D6219A74-F3D7-4902-AB9A-0459AAEA6F6B}.Debug|Any CPU.Build.0 = Debug|Any CPU
		{D6219A74-F3D7-4902-AB9A-0459AAEA6F6B}.Debug|x64.ActiveCfg = Debug|Any CPU
		{D6219A74-F3D7-4902-AB9A-0459AAEA6F6B}.Debug|x64.Build.0 = Debug|Any CPU
		{D6219A74-F3D7-4902-AB9A-0459AAEA6F6B}.Debug|x86.ActiveCfg = Debug|Any CPU
		{D6219A74-F3D7-4902-AB9A-0459AAEA6F6B}.Debug|x86.Build.0 = Debug|Any CPU
		{D6219A74-F3D7-4902-AB9A-0459AAEA6F6B}.Release|Any CPU.ActiveCfg = Release|Any CPU
		{D6219A74-F3D7-4902-AB9A-0459AAEA6F6B}.Release|Any CPU.Build.0 = Release|Any CPU
		{D6219A74-F3D7-4902-AB9A-0459AAEA6F6B}.Release|x64.ActiveCfg = Release|Any CPU
		{D6219A74-F3D7-4902-AB9A-0459AAEA6F6B}.Release|x64.Build.0 = Release|Any CPU
		{D6219A74-F3D7-4902-AB9A-0459AAEA6F6B}.Release|x86.ActiveCfg = Release|Any CPU
		{D6219A74-F3D7-4902-AB9A-0459AAEA6F6B}.Release|x86.Build.0 = Release|Any CPU
	EndGlobalSection
	GlobalSection(SolutionProperties) = preSolution
		HideSolutionNode = FALSE
	EndGlobalSection
	GlobalSection(NestedProjects) = preSolution
		{D6219A74-F3D7-4902-AB9A-0459AAEA6F6B} = {3CE1E438-167C-42E0-9F70-A4F92F5D5BBA}
	EndGlobalSection
	GlobalSection(ExtensibilityGlobals) = postSolution
		SolutionGuid = {DCCFE973-877E-4DE6-8567-6BBC8B5919DA}
	EndGlobalSection
EndGlobal
